
Microsoft Visual Studio Solution File, Format Version 12.00
# Visual Studio Version 17
VisualStudioVersion = 17.8.34408.163
MinimumVisualStudioVersion = 10.0.40219.1
Project("{FAE04EC0-301F-11D3-BF4B-00C04F79EFBC}") = "EnterTheSandstorm", "EnterTheSandstorm.csproj", "{E212699A-B3C9-4458-A134-211E1FE0C22F}"
EndProject
Global
	GlobalSection(SolutionConfigurationPlatforms) = preSolution
		Debug|x64 = Debug|x64
		Release|x64 = Release|x64
	EndGlobalSection
	GlobalSection(ProjectConfigurationPlatforms) = postSolution
		{E212699A-B3C9-4458-A134-211E1FE0C22F}.Debug|x64.ActiveCfg = Debug|x64
		{E212699A-B3C9-4458-A134-211E1FE0C22F}.Debug|x64.Build.0 = Debug|x64
		{E212699A-B3C9-4458-A134-211E1FE0C22F}.Release|x64.ActiveCfg = Release|x64
		{E212699A-B3C9-4458-A134-211E1FE0C22F}.Release|x64.Build.0 = Release|x64
	EndGlobalSection
	GlobalSection(SolutionProperties) = preSolution
		HideSolutionNode = FALSE
	EndGlobalSection
	GlobalSection(ExtensibilityGlobals) = postSolution
		SolutionGuid = {2D747471-9DAD-43D4-AEE1-ADF370F9CEBA}
	EndGlobalSection
EndGlobal
